
Microsoft Visual Studio Solution File, Format Version 12.00
# Visual Studio Version 17
VisualStudioVersion = 17.4.33213.308
MinimumVisualStudioVersion = 10.0.40219.1
Project("{FAE04EC0-301F-11D3-BF4B-00C04F79EFBC}") = "Gestionale-Pizzeria", "Gestionale-Pizzeria\Gestionale-Pizzeria.csproj", "{76B1EC35-EF6B-4601-A17B-F42B1FFDDC7F}"
EndProject
Global
	GlobalSection(SolutionConfigurationPlatforms) = preSolution
		Debug|Any CPU = Debug|Any CPU
		Release|Any CPU = Release|Any CPU
	EndGlobalSection
	GlobalSection(ProjectConfigurationPlatforms) = postSolution
		{76B1EC35-EF6B-4601-A17B-F42B1FFDDC7F}.Debug|Any CPU.ActiveCfg = Debug|Any CPU
		{76B1EC35-EF6B-4601-A17B-F42B1FFDDC7F}.Debug|Any CPU.Build.0 = Debug|Any CPU
		{76B1EC35-EF6B-4601-A17B-F42B1FFDDC7F}.Release|Any CPU.ActiveCfg = Release|Any CPU
		{76B1EC35-EF6B-4601-A17B-F42B1FFDDC7F}.Release|Any CPU.Build.0 = Release|Any CPU
	EndGlobalSection
	GlobalSection(SolutionProperties) = preSolution
		HideSolutionNode = FALSE
	EndGlobalSection
	GlobalSection(ExtensibilityGlobals) = postSolution
		SolutionGuid = {DB5BA173-2A22-41DA-9820-BE1EB285307F}
	EndGlobalSection
EndGlobal
